{
    "_readme": [
        "This file locks the dependencies of your project to a known state",
        "Read more about it at https://getcomposer.org/doc/01-basic-usage.md#installing-dependencies",
        "This file is @generated automatically"
    ],
    "content-hash": "dd4adb87a9f05805b558e7abc527c215",
    "packages": [
        {
            "name": "composer/installers",
            "version": "v1.8.0",
            "source": {
                "type": "git",
                "url": "https://github.com/composer/installers.git",
                "reference": "7d610d50aae61ae7ed6675e58efeabdf279bb5e3"
            },
            "dist": {
                "type": "zip",
                "url": "https://api.github.com/repos/composer/installers/zipball/7d610d50aae61ae7ed6675e58efeabdf279bb5e3",
                "reference": "7d610d50aae61ae7ed6675e58efeabdf279bb5e3",
                "shasum": ""
            },
            "require": {
                "composer-plugin-api": "^1.0"
            },
            "replace": {
                "roundcube/plugin-installer": "*",
                "shama/baton": "*"
            },
            "require-dev": {
                "composer/composer": "1.0.*@dev",
                "phpunit/phpunit": "^4.8.36"
            },
            "type": "composer-plugin",
            "extra": {
                "class": "Composer\\Installers\\Plugin",
                "branch-alias": {
                    "dev-master": "1.0-dev"
                }
            },
            "autoload": {
                "psr-4": {
                    "Composer\\Installers\\": "src/Composer/Installers"
                }
            },
            "notification-url": "https://packagist.org/downloads/",
            "license": [
                "MIT"
            ],
            "authors": [
                {
                    "name": "Kyle Robinson Young",
                    "email": "kyle@dontkry.com",
                    "homepage": "https://github.com/shama"
                }
            ],
            "description": "A multi-framework Composer library installer",
            "homepage": "https://composer.github.io/installers/",
            "keywords": [
                "Craft",
                "Dolibarr",
                "Eliasis",
                "Hurad",
                "ImageCMS",
                "Kanboard",
                "Lan Management System",
                "MODX Evo",
                "MantisBT",
                "Mautic",
                "Maya",
                "OXID",
                "Plentymarkets",
                "Porto",
                "RadPHP",
                "SMF",
                "Thelia",
                "Whmcs",
                "WolfCMS",
                "agl",
                "aimeos",
                "annotatecms",
                "attogram",
                "bitrix",
                "cakephp",
                "chef",
                "cockpit",
                "codeigniter",
                "concrete5",
                "croogo",
                "dokuwiki",
                "drupal",
                "eZ Platform",
                "elgg",
                "expressionengine",
                "fuelphp",
                "grav",
                "installer",
                "itop",
                "joomla",
                "known",
                "kohana",
                "laravel",
                "lavalite",
                "lithium",
                "magento",
                "majima",
                "mako",
                "mediawiki",
                "modulework",
                "modx",
                "moodle",
                "osclass",
                "phpbb",
                "piwik",
                "ppi",
                "puppet",
                "pxcms",
                "reindex",
                "roundcube",
                "shopware",
                "silverstripe",
                "sydes",
                "sylius",
                "symfony",
                "typo3",
                "wordpress",
                "yawik",
                "zend",
                "zikula"
            ],
            "time": "2020-02-07T10:39:20+00:00"
        },
        {
            "name": "wpackagist-plugin/acf-image-crop-add-on",
            "version": "1.4.12",
            "source": {
                "type": "svn",
                "url": "https://plugins.svn.wordpress.org/acf-image-crop-add-on/",
                "reference": "tags/1.4.12"
            },
            "dist": {
                "type": "zip",
                "url": "https://downloads.wordpress.org/plugin/acf-image-crop-add-on.1.4.12.zip"
            },
            "require": {
                "composer/installers": "~1.0"
            },
            "type": "wordpress-plugin",
            "homepage": "https://wordpress.org/plugins/acf-image-crop-add-on/"
        },
        {
            "name": "wpackagist-plugin/add-category-to-pages",
            "version": "1.2",
            "source": {
                "type": "svn",
                "url": "https://plugins.svn.wordpress.org/add-category-to-pages/",
                "reference": "tags/1.2"
            },
            "dist": {
                "type": "zip",
                "url": "https://downloads.wordpress.org/plugin/add-category-to-pages.1.2.zip"
            },
            "require": {
                "composer/installers": "~1.0"
            },
            "type": "wordpress-plugin",
            "homepage": "https://wordpress.org/plugins/add-category-to-pages/"
        },
        {
            "name": "wpackagist-plugin/addthis",
            "version": "6.2.6",
            "source": {
                "type": "svn",
                "url": "https://plugins.svn.wordpress.org/addthis/",
                "reference": "tags/6.2.6"
            },
            "dist": {
                "type": "zip",
                "url": "https://downloads.wordpress.org/plugin/addthis.6.2.6.zip"
            },
            "require": {
                "composer/installers": "~1.0"
            },
            "type": "wordpress-plugin",
            "homepage": "https://wordpress.org/plugins/addthis/"
        },
        {
            "name": "wpackagist-plugin/akismet",
            "version": "4.1.4",
            "source": {
                "type": "svn",
                "url": "https://plugins.svn.wordpress.org/akismet/",
                "reference": "tags/4.1.4"
            },
            "dist": {
                "type": "zip",
                "url": "https://downloads.wordpress.org/plugin/akismet.4.1.4.zip"
            },
            "require": {
                "composer/installers": "~1.0"
            },
            "type": "wordpress-plugin",
            "homepage": "https://wordpress.org/plugins/akismet/"
        },
        {
            "name": "wpackagist-plugin/antivirus",
            "version": "1.3.10",
            "source": {
                "type": "svn",
                "url": "https://plugins.svn.wordpress.org/antivirus/",
                "reference": "tags/1.3.10"
            },
            "dist": {
                "type": "zip",
                "url": "https://downloads.wordpress.org/plugin/antivirus.1.3.10.zip"
            },
            "require": {
                "composer/installers": "~1.0"
            },
            "type": "wordpress-plugin",
            "homepage": "https://wordpress.org/plugins/antivirus/"
        },
        {
            "name": "wpackagist-plugin/bbpress",
            "version": "2.6.4",
            "source": {
                "type": "svn",
                "url": "https://plugins.svn.wordpress.org/bbpress/",
                "reference": "tags/2.6.4"
            },
            "dist": {
                "type": "zip",
                "url": "https://downloads.wordpress.org/plugin/bbpress.2.6.4.zip"
            },
            "require": {
                "composer/installers": "~1.0"
            },
            "type": "wordpress-plugin",
            "homepage": "https://wordpress.org/plugins/bbpress/"
        },
        {
            "name": "wpackagist-plugin/black-studio-tinymce-widget",
            "version": "2.6.9",
            "source": {
                "type": "svn",
                "url": "https://plugins.svn.wordpress.org/black-studio-tinymce-widget/",
                "reference": "tags/2.6.9"
            },
            "dist": {
                "type": "zip",
                "url": "https://downloads.wordpress.org/plugin/black-studio-tinymce-widget.2.6.9.zip"
            },
            "require": {
                "composer/installers": "~1.0"
            },
            "type": "wordpress-plugin",
            "homepage": "https://wordpress.org/plugins/black-studio-tinymce-widget/"
        },
        {
            "name": "wpackagist-plugin/category-template-hierarchy",
            "version": "1.3.2.1",
            "source": {
                "type": "svn",
                "url": "https://plugins.svn.wordpress.org/category-template-hierarchy/",
                "reference": "trunk"
            },
            "dist": {
                "type": "zip",
                "url": "https://downloads.wordpress.org/plugin/category-template-hierarchy.zip?timestamp=1332558775"
            },
            "require": {
                "composer/installers": "~1.0"
            },
            "type": "wordpress-plugin",
            "homepage": "https://wordpress.org/plugins/category-template-hierarchy/"
        },
        {
            "name": "wpackagist-plugin/cf7-conditional-fields",
            "version": "1.8.3",
            "source": {
                "type": "svn",
                "url": "https://plugins.svn.wordpress.org/cf7-conditional-fields/",
                "reference": "tags/1.8.3"
            },
            "dist": {
                "type": "zip",
                "url": "https://downloads.wordpress.org/plugin/cf7-conditional-fields.1.8.3.zip"
            },
            "require": {
                "composer/installers": "~1.0"
            },
            "type": "wordpress-plugin",
            "homepage": "https://wordpress.org/plugins/cf7-conditional-fields/"
        },
        {
            "name": "wpackagist-plugin/cf7-to-zapier",
            "version": "2.1.3",
            "source": {
                "type": "svn",
                "url": "https://plugins.svn.wordpress.org/cf7-to-zapier/",
                "reference": "trunk"
            },
            "dist": {
                "type": "zip",
                "url": "https://downloads.wordpress.org/plugin/cf7-to-zapier.zip?timestamp=1581942293"
            },
            "require": {
                "composer/installers": "~1.0"
            },
            "type": "wordpress-plugin",
            "homepage": "https://wordpress.org/plugins/cf7-to-zapier/"
        },
        {
            "name": "wpackagist-plugin/classic-editor",
            "version": "1.5",
            "source": {
                "type": "svn",
                "url": "https://plugins.svn.wordpress.org/classic-editor/",
                "reference": "tags/1.5"
            },
            "dist": {
                "type": "zip",
                "url": "https://downloads.wordpress.org/plugin/classic-editor.1.5.zip"
            },
            "require": {
                "composer/installers": "~1.0"
            },
            "type": "wordpress-plugin",
            "homepage": "https://wordpress.org/plugins/classic-editor/"
        },
        {
            "name": "wpackagist-plugin/cms-tree-page-view",
            "version": "1.6",
            "source": {
                "type": "svn",
                "url": "https://plugins.svn.wordpress.org/cms-tree-page-view/",
                "reference": "tags/1.6"
            },
            "dist": {
                "type": "zip",
                "url": "https://downloads.wordpress.org/plugin/cms-tree-page-view.1.6.zip"
            },
            "require": {
                "composer/installers": "~1.0"
            },
            "type": "wordpress-plugin",
            "homepage": "https://wordpress.org/plugins/cms-tree-page-view/"
        },
        {
            "name": "wpackagist-plugin/contact-form-7",
            "version": "5.1.7",
            "source": {
                "type": "svn",
                "url": "https://plugins.svn.wordpress.org/contact-form-7/",
                "reference": "tags/5.1.7"
            },
            "dist": {
                "type": "zip",
                "url": "https://downloads.wordpress.org/plugin/contact-form-7.5.1.7.zip"
            },
            "require": {
                "composer/installers": "~1.0"
            },
            "type": "wordpress-plugin",
            "homepage": "https://wordpress.org/plugins/contact-form-7/"
        },
        {
            "name": "wpackagist-plugin/cpt-onomies",
            "version": "1.4.0",
            "source": {
                "type": "svn",
                "url": "https://plugins.svn.wordpress.org/cpt-onomies/",
                "reference": "trunk"
            },
            "dist": {
                "type": "zip",
                "url": "https://downloads.wordpress.org/plugin/cpt-onomies.zip?timestamp=1571152824"
            },
            "require": {
                "composer/installers": "~1.0"
            },
            "type": "wordpress-plugin",
            "homepage": "https://wordpress.org/plugins/cpt-onomies/"
        },
        {
            "name": "wpackagist-plugin/custom-post-type-ui",
            "version": "1.7.4",
            "source": {
                "type": "svn",
                "url": "https://plugins.svn.wordpress.org/custom-post-type-ui/",
                "reference": "tags/1.7.4"
            },
            "dist": {
                "type": "zip",
                "url": "https://downloads.wordpress.org/plugin/custom-post-type-ui.1.7.4.zip"
            },
            "require": {
                "composer/installers": "~1.0"
            },
            "type": "wordpress-plugin",
            "homepage": "https://wordpress.org/plugins/custom-post-type-ui/"
        },
        {
            "name": "wpackagist-plugin/custom-sidebars",
            "version": "3.2.3",
            "source": {
                "type": "svn",
                "url": "https://plugins.svn.wordpress.org/custom-sidebars/",
                "reference": "tags/3.2.3"
            },
            "dist": {
                "type": "zip",
                "url": "https://downloads.wordpress.org/plugin/custom-sidebars.3.2.3.zip"
            },
            "require": {
                "composer/installers": "~1.0"
            },
            "type": "wordpress-plugin",
            "homepage": "https://wordpress.org/plugins/custom-sidebars/"
        },
        {
            "name": "wpackagist-plugin/google-sitemap-generator",
            "version": "4.1.0",
            "source": {
                "type": "svn",
                "url": "https://plugins.svn.wordpress.org/google-sitemap-generator/",
                "reference": "tags/4.1.0"
            },
            "dist": {
                "type": "zip",
                "url": "https://downloads.wordpress.org/plugin/google-sitemap-generator.4.1.0.zip"
            },
            "require": {
                "composer/installers": "~1.0"
            },
            "type": "wordpress-plugin",
            "homepage": "https://wordpress.org/plugins/google-sitemap-generator/"
        },
        {
            "name": "wpackagist-plugin/gutenberg",
            "version": "7.8.1",
            "source": {
                "type": "svn",
                "url": "https://plugins.svn.wordpress.org/gutenberg/",
                "reference": "tags/7.8.1"
            },
            "dist": {
                "type": "zip",
                "url": "https://downloads.wordpress.org/plugin/gutenberg.7.8.1.zip"
            },
            "require": {
                "composer/installers": "~1.0"
            },
            "type": "wordpress-plugin",
            "homepage": "https://wordpress.org/plugins/gutenberg/"
        },
        {
            "name": "wpackagist-plugin/img-title-removal",
            "version": "1.1",
            "source": {
                "type": "svn",
                "url": "https://plugins.svn.wordpress.org/img-title-removal/",
                "reference": "trunk"
            },
            "dist": {
                "type": "zip",
                "url": "https://downloads.wordpress.org/plugin/img-title-removal.zip?timestamp=1309885430"
            },
            "require": {
                "composer/installers": "~1.0"
            },
            "type": "wordpress-plugin",
            "homepage": "https://wordpress.org/plugins/img-title-removal/"
        },
        {
            "name": "wpackagist-plugin/improved-include-page",
            "version": "1.2",
            "source": {
                "type": "svn",
                "url": "https://plugins.svn.wordpress.org/improved-include-page/",
                "reference": "trunk"
            },
            "dist": {
                "type": "zip",
                "url": "https://downloads.wordpress.org/plugin/improved-include-page.zip?timestamp=1553683797"
            },
            "require": {
                "composer/installers": "~1.0"
            },
            "type": "wordpress-plugin",
            "homepage": "https://wordpress.org/plugins/improved-include-page/"
        },
        {
            "name": "wpackagist-plugin/insert-html-snippet",
            "version": "1.3.1",
            "source": {
                "type": "svn",
                "url": "https://plugins.svn.wordpress.org/insert-html-snippet/",
                "reference": "tags/1.3.1"
            },
            "dist": {
                "type": "zip",
                "url": "https://downloads.wordpress.org/plugin/insert-html-snippet.1.3.1.zip"
            },
            "require": {
                "composer/installers": "~1.0"
            },
            "type": "wordpress-plugin",
            "homepage": "https://wordpress.org/plugins/insert-html-snippet/"
        },
        {
            "name": "wpackagist-plugin/jetpack",
            "version": "8.3",
            "source": {
                "type": "svn",
                "url": "https://plugins.svn.wordpress.org/jetpack/",
                "reference": "tags/8.3"
            },
            "dist": {
                "type": "zip",
                "url": "https://downloads.wordpress.org/plugin/jetpack.8.3.zip"
            },
            "require": {
                "composer/installers": "~1.0"
            },
            "type": "wordpress-plugin",
            "homepage": "https://wordpress.org/plugins/jetpack/"
        },
        {
            "name": "wpackagist-plugin/media-library-assistant",
            "version": "2.81",
            "source": {
                "type": "svn",
                "url": "https://plugins.svn.wordpress.org/media-library-assistant/",
                "reference": "tags/2.81"
            },
            "dist": {
                "type": "zip",
                "url": "https://downloads.wordpress.org/plugin/media-library-assistant.2.81.zip"
            },
            "require": {
                "composer/installers": "~1.0"
            },
            "type": "wordpress-plugin",
            "homepage": "https://wordpress.org/plugins/media-library-assistant/"
        },
        {
            "name": "wpackagist-plugin/notification",
            "version": "6.3.2",
            "source": {
                "type": "svn",
                "url": "https://plugins.svn.wordpress.org/notification/",
                "reference": "tags/6.3.2"
            },
            "dist": {
                "type": "zip",
                "url": "https://downloads.wordpress.org/plugin/notification.6.3.2.zip"
            },
            "require": {
                "composer/installers": "~1.0"
            },
            "type": "wordpress-plugin",
            "homepage": "https://wordpress.org/plugins/notification/"
        },
        {
            "name": "wpackagist-plugin/p3-profiler",
            "version": "1.5.3.9",
            "source": {
                "type": "svn",
                "url": "https://plugins.svn.wordpress.org/p3-profiler/",
                "reference": "tags/1.5.3.9"
            },
            "dist": {
                "type": "zip",
                "url": "https://downloads.wordpress.org/plugin/p3-profiler.1.5.3.9.zip"
            },
            "require": {
                "composer/installers": "~1.0"
            },
            "type": "wordpress-plugin",
            "homepage": "https://wordpress.org/plugins/p3-profiler/"
        },
        {
            "name": "wpackagist-plugin/page-links-to",
            "version": "3.3.3",
            "source": {
                "type": "svn",
                "url": "https://plugins.svn.wordpress.org/page-links-to/",
                "reference": "tags/3.3.3"
            },
            "dist": {
                "type": "zip",
                "url": "https://downloads.wordpress.org/plugin/page-links-to.3.3.3.zip"
            },
            "require": {
                "composer/installers": "~1.0"
            },
            "type": "wordpress-plugin",
            "homepage": "https://wordpress.org/plugins/page-links-to/"
        },
        {
            "name": "wpackagist-plugin/post-snippets",
            "version": "3.0.16",
            "source": {
                "type": "svn",
                "url": "https://plugins.svn.wordpress.org/post-snippets/",
                "reference": "tags/3.0.16"
            },
            "dist": {
                "type": "zip",
                "url": "https://downloads.wordpress.org/plugin/post-snippets.3.0.16.zip"
            },
            "require": {
                "composer/installers": "~1.0"
            },
            "type": "wordpress-plugin",
            "homepage": "https://wordpress.org/plugins/post-snippets/"
        },
        {
            "name": "wpackagist-plugin/redirection",
            "version": "4.7.1",
            "source": {
                "type": "svn",
                "url": "https://plugins.svn.wordpress.org/redirection/",
                "reference": "trunk"
            },
            "dist": {
                "type": "zip",
                "url": "https://downloads.wordpress.org/plugin/redirection.zip?timestamp=1584192505"
            },
            "require": {
                "composer/installers": "~1.0"
            },
            "type": "wordpress-plugin",
            "homepage": "https://wordpress.org/plugins/redirection/"
        },
        {
            "name": "wpackagist-plugin/seamless-sticky-custom-post-types",
            "version": "1.4",
            "source": {
                "type": "svn",
                "url": "https://plugins.svn.wordpress.org/seamless-sticky-custom-post-types/",
                "reference": "tags/1.4"
            },
            "dist": {
                "type": "zip",
                "url": "https://downloads.wordpress.org/plugin/seamless-sticky-custom-post-types.1.4.zip"
            },
            "require": {
                "composer/installers": "~1.0"
            },
            "type": "wordpress-plugin",
            "homepage": "https://wordpress.org/plugins/seamless-sticky-custom-post-types/"
        },
        {
            "name": "wpackagist-plugin/tablepress",
            "version": "1.10",
            "source": {
                "type": "svn",
                "url": "https://plugins.svn.wordpress.org/tablepress/",
                "reference": "tags/1.10"
            },
            "dist": {
                "type": "zip",
                "url": "https://downloads.wordpress.org/plugin/tablepress.1.10.zip"
            },
            "require": {
                "composer/installers": "~1.0"
            },
            "type": "wordpress-plugin",
            "homepage": "https://wordpress.org/plugins/tablepress/"
        },
        {
            "name": "wpackagist-plugin/tinymce-advanced",
            "version": "5.3.0",
            "source": {
                "type": "svn",
                "url": "https://plugins.svn.wordpress.org/tinymce-advanced/",
                "reference": "trunk"
            },
            "dist": {
                "type": "zip",
                "url": "https://downloads.wordpress.org/plugin/tinymce-advanced.zip?timestamp=1573608418"
            },
            "require": {
                "composer/installers": "~1.0"
            },
            "type": "wordpress-plugin",
            "homepage": "https://wordpress.org/plugins/tinymce-advanced/"
        },
        {
            "name": "wpackagist-plugin/ultimate-posts-widget",
            "version": "2.1.1",
            "source": {
                "type": "svn",
                "url": "https://plugins.svn.wordpress.org/ultimate-posts-widget/",
                "reference": "tags/2.1.1"
            },
            "dist": {
                "type": "zip",
                "url": "https://downloads.wordpress.org/plugin/ultimate-posts-widget.2.1.1.zip"
            },
            "require": {
                "composer/installers": "~1.0"
            },
            "type": "wordpress-plugin",
            "homepage": "https://wordpress.org/plugins/ultimate-posts-widget/"
        },
        {
            "name": "wpackagist-plugin/unfiltered-mu",
            "version": "1.3.1",
            "source": {
                "type": "svn",
                "url": "https://plugins.svn.wordpress.org/unfiltered-mu/",
                "reference": "tags/1.3.1"
            },
            "dist": {
                "type": "zip",
                "url": "https://downloads.wordpress.org/plugin/unfiltered-mu.1.3.1.zip"
            },
            "require": {
                "composer/installers": "~1.0"
            },
            "type": "wordpress-plugin",
            "homepage": "https://wordpress.org/plugins/unfiltered-mu/"
        },
        {
            "name": "wpackagist-plugin/w3-total-cache",
            "version": "0.11.0",
            "source": {
                "type": "svn",
                "url": "https://plugins.svn.wordpress.org/w3-total-cache/",
                "reference": "tags/0.11.0"
            },
            "dist": {
                "type": "zip",
                "url": "https://downloads.wordpress.org/plugin/w3-total-cache.0.11.0.zip"
            },
            "require": {
                "composer/installers": "~1.0"
            },
            "type": "wordpress-plugin",
            "homepage": "https://wordpress.org/plugins/w3-total-cache/"
        },
        {
            "name": "wpackagist-plugin/widget-context",
            "version": "1.2.0",
            "source": {
                "type": "svn",
                "url": "https://plugins.svn.wordpress.org/widget-context/",
                "reference": "tags/1.2.0"
            },
            "dist": {
                "type": "zip",
                "url": "https://downloads.wordpress.org/plugin/widget-context.1.2.0.zip"
            },
            "require": {
                "composer/installers": "~1.0"
            },
            "type": "wordpress-plugin",
            "homepage": "https://wordpress.org/plugins/widget-context/"
        },
        {
            "name": "wpackagist-plugin/widget-css-classes",
            "version": "1.5.4",
            "source": {
                "type": "svn",
                "url": "https://plugins.svn.wordpress.org/widget-css-classes/",
                "reference": "tags/1.5.4"
            },
            "dist": {
                "type": "zip",
                "url": "https://downloads.wordpress.org/plugin/widget-css-classes.1.5.4.zip"
            },
            "require": {
                "composer/installers": "~1.0"
            },
            "type": "wordpress-plugin",
            "homepage": "https://wordpress.org/plugins/widget-css-classes/"
        },
        {
            "name": "wpackagist-plugin/widget-importer-exporter",
            "version": "1.5.5",
            "source": {
                "type": "svn",
                "url": "https://plugins.svn.wordpress.org/widget-importer-exporter/",
                "reference": "tags/1.5.5"
            },
            "dist": {
                "type": "zip",
                "url": "https://downloads.wordpress.org/plugin/widget-importer-exporter.1.5.5.zip"
            },
            "require": {
                "composer/installers": "~1.0"
            },
            "type": "wordpress-plugin",
            "homepage": "https://wordpress.org/plugins/widget-importer-exporter/"
        },
        {
            "name": "wpackagist-plugin/wordpress-importer",
            "version": "0.6.4",
            "source": {
                "type": "svn",
                "url": "https://plugins.svn.wordpress.org/wordpress-importer/",
                "reference": "tags/0.6.4"
            },
            "dist": {
                "type": "zip",
                "url": "https://downloads.wordpress.org/plugin/wordpress-importer.0.6.4.zip"
            },
            "require": {
                "composer/installers": "~1.0"
            },
            "type": "wordpress-plugin",
            "homepage": "https://wordpress.org/plugins/wordpress-importer/"
        },
        {
            "name": "wpackagist-plugin/wp-security-audit-log",
            "version": "3.5.2.1",
            "source": {
                "type": "svn",
                "url": "https://plugins.svn.wordpress.org/wp-security-audit-log/",
                "reference": "tags/3.5.2.1"
            },
            "dist": {
                "type": "zip",
                "url": "https://downloads.wordpress.org/plugin/wp-security-audit-log.3.5.2.1.zip"
            },
            "require": {
                "composer/installers": "~1.0"
            },
            "type": "wordpress-plugin",
            "homepage": "https://wordpress.org/plugins/wp-security-audit-log/"
        },
        {
            "name": "wpackagist-plugin/wp-sentry-integration",
            "version": "3.3.0",
            "source": {
                "type": "svn",
                "url": "https://plugins.svn.wordpress.org/wp-sentry-integration/",
                "reference": "tags/3.3.0"
            },
            "dist": {
                "type": "zip",
                "url": "https://downloads.wordpress.org/plugin/wp-sentry-integration.3.3.0.zip"
            },
            "require": {
                "composer/installers": "~1.0"
            },
            "type": "wordpress-plugin",
            "homepage": "https://wordpress.org/plugins/wp-sentry-integration/"
        },
        {
            "name": "wpackagist-plugin/wp-table-reloaded",
            "version": "1.9.4",
            "source": {
                "type": "svn",
                "url": "https://plugins.svn.wordpress.org/wp-table-reloaded/",
                "reference": "tags/1.9.4"
            },
            "dist": {
                "type": "zip",
                "url": "https://downloads.wordpress.org/plugin/wp-table-reloaded.1.9.4.zip"
            },
            "require": {
                "composer/installers": "~1.0"
            },
            "type": "wordpress-plugin",
            "homepage": "https://wordpress.org/plugins/wp-table-reloaded/"
        },
        {
            "name": "wpackagist-plugin/wpcf7-recaptcha",
            "version": "1.2.4",
            "source": {
                "type": "svn",
                "url": "https://plugins.svn.wordpress.org/wpcf7-recaptcha/",
                "reference": "tags/1.2.4"
            },
            "dist": {
                "type": "zip",
                "url": "https://downloads.wordpress.org/plugin/wpcf7-recaptcha.1.2.4.zip"
            },
            "require": {
                "composer/installers": "~1.0"
            },
            "type": "wordpress-plugin",
            "homepage": "https://wordpress.org/plugins/wpcf7-recaptcha/"
        },
        {
            "name": "wpackagist-theme/twentynineteen",
            "version": "1.4",
            "source": {
                "type": "svn",
                "url": "https://themes.svn.wordpress.org/twentynineteen/",
                "reference": "1.4"
            },
            "dist": {
                "type": "zip",
                "url": "https://downloads.wordpress.org/theme/twentynineteen.1.4.zip"
            },
            "require": {
                "composer/installers": "~1.0"
            },
            "type": "wordpress-theme",
            "homepage": "https://wordpress.org/themes/twentynineteen/"
        }
    ],
    "packages-dev": [],
    "aliases": [],
    "minimum-stability": "stable",
    "stability-flags": [],
    "prefer-stable": false,
    "prefer-lowest": false,
    "platform": [],
    "platform-dev": [],
    "plugin-api-version": "1.1.0"
}
